{
  "name": "primeng-sass-theme",
  "version": "16.9.1",
  "lockfileVersion": 2,
  "requires": true,
  "packages": {
    "": {
      "name": "primeng-sass-theme",
      "version": "16.9.1",
      "license": "MIT",
      "dependencies": {
        "watch": "^1.0.2"
      }
    },
    "node_modules/exec-sh": {
      "version": "0.2.2",
      "resolved": "https://registry.npmjs.org/exec-sh/-/exec-sh-0.2.2.tgz",
      "integrity": "sha512-FIUCJz1RbuS0FKTdaAafAByGS0CPvU3R0MeHxgtl+djzCc//F8HakL8GzmVNZanasTbTAY/3DRFA0KpVqj/eAw==",
      "dependencies": {
        "merge": "^1.2.0"
      }
    },
    "node_modules/merge": {
      "version": "1.2.1",
      "resolved": "https://registry.npmjs.org/merge/-/merge-1.2.1.tgz",
      "integrity": "sha512-VjFo4P5Whtj4vsLzsYBu5ayHhoHJ0UqNm7ibvShmbmoz7tGi0vXaoJbGdB+GmDMLUdg8DpQXEIeVDAe8MaABvQ=="
    },
    "node_modules/minimist": {
      "version": "1.2.8",
      "resolved": "https://registry.npmjs.org/minimist/-/minimist-1.2.8.tgz",
      "integrity": "sha512-2yyAR8qBkN3YuheJanUpWC5U3bb5osDywNB8RzDVlDwDHbocAJveqqj1u8+SVD7jkWT4yvsHCpWqqWqAxb0zCA==",
      "funding": {
        "url": "https://github.com/sponsors/ljharb"
      }
    },
    "node_modules/watch": {
      "version": "1.0.2",
      "resolved": "https://registry.npmjs.org/watch/-/watch-1.0.2.tgz",
      "integrity": "sha512-1u+Z5n9Jc1E2c7qDO8SinPoZuHj7FgbgU1olSFoyaklduDvvtX7GMMtlE6OC9FTXq4KvNAOfj6Zu4vI1e9bAKA==",
      "dependencies": {
        "exec-sh": "^0.2.0",
        "minimist": "^1.2.0"
      },
      "bin": {
        "watch": "cli.js"
      },
      "engines": {
        "node": ">=0.1.95"
      }
    }
  },
  "dependencies": {
    "exec-sh": {
      "version": "0.2.2",
      "resolved": "https://registry.npmjs.org/exec-sh/-/exec-sh-0.2.2.tgz",
      "integrity": "sha512-FIUCJz1RbuS0FKTdaAafAByGS0CPvU3R0MeHxgtl+djzCc//F8HakL8GzmVNZanasTbTAY/3DRFA0KpVqj/eAw==",
      "requires": {
        "merge": "^1.2.0"
      }
    },
    "merge": {
      "version": "1.2.1",
      "resolved": "https://registry.npmjs.org/merge/-/merge-1.2.1.tgz",
      "integrity": "sha512-VjFo4P5Whtj4vsLzsYBu5ayHhoHJ0UqNm7ibvShmbmoz7tGi0vXaoJbGdB+GmDMLUdg8DpQXEIeVDAe8MaABvQ=="
    },
    "minimist": {
      "version": "1.2.8",
      "resolved": "https://registry.npmjs.org/minimist/-/minimist-1.2.8.tgz",
      "integrity": "sha512-2yyAR8qBkN3YuheJanUpWC5U3bb5osDywNB8RzDVlDwDHbocAJveqqj1u8+SVD7jkWT4yvsHCpWqqWqAxb0zCA=="
    },
    "watch": {
      "version": "1.0.2",
      "resolved": "https://registry.npmjs.org/watch/-/watch-1.0.2.tgz",
      "integrity": "sha512-1u+Z5n9Jc1E2c7qDO8SinPoZuHj7FgbgU1olSFoyaklduDvvtX7GMMtlE6OC9FTXq4KvNAOfj6Zu4vI1e9bAKA==",
      "requires": {
        "exec-sh": "^0.2.0",
        "minimist": "^1.2.0"
      }
    }
  }
}
